
Microsoft Visual Studio Solution File, Format Version 12.00
# Visual Studio Version 17
VisualStudioVersion = 17.5.002.0
MinimumVisualStudioVersion = 10.0.40219.1
Project("{2150E333-8FDC-42A3-9474-1A3956D46DE8}") = "backend", "backend", "{B63F1F72-4BD3-4543-AE59-CF03F5B71BE0}"
EndProject
Project("{9A19103F-16F7-4668-BE54-9A1E7A4F7556}") = "AgendaApi", "backend\AgendaApi\AgendaApi.csproj", "{E0D65388-AC98-4959-A30C-5BBEF7D9A70B}"
EndProject
Global
	GlobalSection(SolutionConfigurationPlatforms) = preSolution
		Debug|Any CPU = Debug|Any CPU
		Release|Any CPU = Release|Any CPU
	EndGlobalSection
	GlobalSection(ProjectConfigurationPlatforms) = postSolution
		{E0D65388-AC98-4959-A30C-5BBEF7D9A70B}.Debug|Any CPU.ActiveCfg = Debug|Any CPU
		{E0D65388-AC98-4959-A30C-5BBEF7D9A70B}.Debug|Any CPU.Build.0 = Debug|Any CPU
		{E0D65388-AC98-4959-A30C-5BBEF7D9A70B}.Release|Any CPU.ActiveCfg = Release|Any CPU
		{E0D65388-AC98-4959-A30C-5BBEF7D9A70B}.Release|Any CPU.Build.0 = Release|Any CPU
	EndGlobalSection
	GlobalSection(SolutionProperties) = preSolution
		HideSolutionNode = FALSE
	EndGlobalSection
	GlobalSection(NestedProjects) = preSolution
		{E0D65388-AC98-4959-A30C-5BBEF7D9A70B} = {B63F1F72-4BD3-4543-AE59-CF03F5B71BE0}
	EndGlobalSection
	GlobalSection(ExtensibilityGlobals) = postSolution
		SolutionGuid = {D6A2A96E-ACF3-4D2E-B03F-315D068BA626}
	EndGlobalSection
EndGlobal
